{
  "name": "lib",
  "lockfileVersion": 2,
  "requires": true,
  "packages": {
    "": {
      "dependencies": {
        "typescript": "^4.7.0-dev.20220325"
      }
    },
    "node_modules/typescript": {
      "version": "4.7.0-dev.20220325",
      "resolved": "https://registry.npmjs.org/typescript/-/typescript-4.7.0-dev.20220325.tgz",
      "integrity": "sha512-3S7MAr3P2vkrpptkhoEuiATOU1kPa9+3FUrJAAYZ4/6mnI1SZWeVPeBIbhzIOUij27QrRMgSwN8aHrqtgGVqLA==",
      "bin": {
        "tsc": "bin/tsc",
        "tsserver": "bin/tsserver"
      },
      "engines": {
        "node": ">=4.2.0"
      }
    }
  },
  "dependencies": {
    "typescript": {
      "version": "4.7.0-dev.20220325",
      "resolved": "https://registry.npmjs.org/typescript/-/typescript-4.7.0-dev.20220325.tgz",
      "integrity": "sha512-3S7MAr3P2vkrpptkhoEuiATOU1kPa9+3FUrJAAYZ4/6mnI1SZWeVPeBIbhzIOUij27QrRMgSwN8aHrqtgGVqLA=="
    }
  }
}
